
Microsoft Visual Studio Solution File, Format Version 12.00
# Visual Studio 14
VisualStudioVersion = 14.0.25420.1
MinimumVisualStudioVersion = 10.0.40219.1
Project("{D954291E-2A0B-460D-934E-DC6B0785DB48}") = "TallyScan", "TallySoftShared\TallyScan.shproj", "{A25D4CDF-F485-48CC-BCC1-039A50A12D74}"
EndProject
Project("{FAE04EC0-301F-11D3-BF4B-00C04F79EFBC}") = "Plugin.Permissions", "Plugin.Permissions\Plugin.Permissions.csproj", "{A6FCEF44-D2BA-42C7-B3CB-13667BCD7B54}"
EndProject
Project("{FAE04EC0-301F-11D3-BF4B-00C04F79EFBC}") = "Plugin.Permissions.Abstractions", "Plugin.Permissions.Abstractions\Plugin.Permissions.Abstractions.csproj", "{6EDB0588-FFC5-4EF5-8A99-9E241D0F878D}"
EndProject
Project("{FAE04EC0-301F-11D3-BF4B-00C04F79EFBC}") = "ZXing.Net.Mobile.Android", "ZxingSource\Source\ZXing.Net.Mobile.Android\ZXing.Net.Mobile.Android.csproj", "{AC17589E-C817-4FA8-B3EC-CCEB25E55E59}"
EndProject
Project("{FAE04EC0-301F-11D3-BF4B-00C04F79EFBC}") = "ZXing.Net.Mobile.Core", "ZxingSource\Source\ZXing.Net.Mobile.Core\ZXing.Net.Mobile.Core.csproj", "{7528DD0A-1781-47F4-ADBF-EEDDB011F6BB}"
EndProject
Project("{FAE04EC0-301F-11D3-BF4B-00C04F79EFBC}") = "ZXing.Net.Mobile.Forms", "ZxingSource\Source\ZXing.Net.Mobile.Forms\ZXing.Net.Mobile.Forms.csproj", "{8E54DB74-C094-4016-859A-D1C7F2509A58}"
EndProject
Project("{FAE04EC0-301F-11D3-BF4B-00C04F79EFBC}") = "zxing.portable", "ZxingSource\Source\ZXing.Net\zxing.portable.csproj", "{24B441F2-CBE9-4405-9FD0-72EBCBEA0EC3}"
EndProject
Project("{FAE04EC0-301F-11D3-BF4B-00C04F79EFBC}") = "ZXing.Net.Mobile.Forms.Android", "ZxingSource\Source\ZXing.Net.Mobile.Forms.Android\ZXing.Net.Mobile.Forms.Android.csproj", "{DC2FF2AE-4090-4056-BBE4-087BDE6567BD}"
EndProject
Project("{FAE04EC0-301F-11D3-BF4B-00C04F79EFBC}") = "TallyScan.UniversalApp", "TallyScan.UniversalApp\TallyScan.UniversalApp.csproj", "{DF1A9433-F648-4CAC-93EF-91FCD2247C9E}"
EndProject
Project("{FAE04EC0-301F-11D3-BF4B-00C04F79EFBC}") = "ZXing.Net.Mobile.Forms.WindowsUniversal", "ZxingSource\Source\ZXing.Net.Mobile.Forms.WindowsUniversal\ZXing.Net.Mobile.Forms.WindowsUniversal.csproj", "{C785F56E-0D1D-492C-850B-4D882314F29B}"
EndProject
Project("{FAE04EC0-301F-11D3-BF4B-00C04F79EFBC}") = "ZXing.Net.Mobile.WindowsUniversal", "ZxingSource\Source\ZXing.Net.Mobile.WindowsUniversal\ZXing.Net.Mobile.WindowsUniversal.csproj", "{1B000BCA-4895-4ACF-A0C6-3ADF3A9BEDF2}"
EndProject
Project("{FAE04EC0-301F-11D3-BF4B-00C04F79EFBC}") = "ZXing.Net.Mobile.Portable", "ZxingSource\Source\ZXing.Net.Mobile.Portable\ZXing.Net.Mobile.Portable.csproj", "{78407906-99C6-42B0-A511-973FC78C58CB}"
EndProject
Project("{FAE04EC0-301F-11D3-BF4B-00C04F79EFBC}") = "TallyScan.Android", "Droid\TallyScan.Android.csproj", "{21AB4DC7-C320-4BB2-975B-A6C0C19A8C47}"
EndProject
Project("{FAE04EC0-301F-11D3-BF4B-00C04F79EFBC}") = "TallyScan.iOS", "iOS\TallyScan.iOS.csproj", "{18948C85-4C74-49B1-A798-034F36058DD8}"
EndProject
Global
	GlobalSection(SharedMSBuildProjectFiles) = preSolution
		TallySoftShared\TallySoftShared.projitems*{18948c85-4c74-49b1-a798-034f36058dd8}*SharedItemsImports = 4
		TallySoftShared\TallySoftShared.projitems*{21ab4dc7-c320-4bb2-975b-a6c0c19a8c47}*SharedItemsImports = 4
		TallySoftShared\TallySoftShared.projitems*{a25d4cdf-f485-48cc-bcc1-039a50a12d74}*SharedItemsImports = 13
		TallySoftShared\TallySoftShared.projitems*{df1a9433-f648-4cac-93ef-91fcd2247c9e}*SharedItemsImports = 4
	EndGlobalSection
	GlobalSection(SolutionConfigurationPlatforms) = preSolution
		Debug .NET Native|Any CPU = Debug .NET Native|Any CPU
		Debug .NET Native|ARM = Debug .NET Native|ARM
		Debug .NET Native|iPhone = Debug .NET Native|iPhone
		Debug .NET Native|iPhoneSimulator = Debug .NET Native|iPhoneSimulator
		Debug .NET Native|x64 = Debug .NET Native|x64
		Debug .NET Native|x86 = Debug .NET Native|x86
		Debug|Any CPU = Debug|Any CPU
		Debug|ARM = Debug|ARM
		Debug|iPhone = Debug|iPhone
		Debug|iPhoneSimulator = Debug|iPhoneSimulator
		Debug|x64 = Debug|x64
		Debug|x86 = Debug|x86
		Release|Any CPU = Release|Any CPU
		Release|ARM = Release|ARM
		Release|iPhone = Release|iPhone
		Release|iPhoneSimulator = Release|iPhoneSimulator
		Release|x64 = Release|x64
		Release|x86 = Release|x86
	EndGlobalSection
	GlobalSection(ProjectConfigurationPlatforms) = postSolution
		{A6FCEF44-D2BA-42C7-B3CB-13667BCD7B54}.Debug .NET Native|Any CPU.ActiveCfg = Debug|Any CPU
		{A6FCEF44-D2BA-42C7-B3CB-13667BCD7B54}.Debug .NET Native|Any CPU.Build.0 = Debug|Any CPU
		{A6FCEF44-D2BA-42C7-B3CB-13667BCD7B54}.Debug .NET Native|ARM.ActiveCfg = Debug|Any CPU
		{A6FCEF44-D2BA-42C7-B3CB-13667BCD7B54}.Debug .NET Native|ARM.Build.0 = Debug|Any CPU
		{A6FCEF44-D2BA-42C7-B3CB-13667BCD7B54}.Debug .NET Native|iPhone.ActiveCfg = Debug|Any CPU
		{A6FCEF44-D2BA-42C7-B3CB-13667BCD7B54}.Debug .NET Native|iPhone.Build.0 = Debug|Any CPU
		{A6FCEF44-D2BA-42C7-B3CB-13667BCD7B54}.Debug .NET Native|iPhoneSimulator.ActiveCfg = Debug|Any CPU
		{A6FCEF44-D2BA-42C7-B3CB-13667BCD7B54}.Debug .NET Native|iPhoneSimulator.Build.0 = Debug|Any CPU
		{A6FCEF44-D2BA-42C7-B3CB-13667BCD7B54}.Debug .NET Native|x64.ActiveCfg = Debug|Any CPU
		{A6FCEF44-D2BA-42C7-B3CB-13667BCD7B54}.Debug .NET Native|x64.Build.0 = Debug|Any CPU
		{A6FCEF44-D2BA-42C7-B3CB-13667BCD7B54}.Debug .NET Native|x86.ActiveCfg = Debug|Any CPU
		{A6FCEF44-D2BA-42C7-B3CB-13667BCD7B54}.Debug .NET Native|x86.Build.0 = Debug|Any CPU
		{A6FCEF44-D2BA-42C7-B3CB-13667BCD7B54}.Debug|Any CPU.ActiveCfg = Debug|Any CPU
		{A6FCEF44-D2BA-42C7-B3CB-13667BCD7B54}.Debug|Any CPU.Build.0 = Debug|Any CPU
		{A6FCEF44-D2BA-42C7-B3CB-13667BCD7B54}.Debug|ARM.ActiveCfg = Debug|Any CPU
		{A6FCEF44-D2BA-42C7-B3CB-13667BCD7B54}.Debug|ARM.Build.0 = Debug|Any CPU
		{A6FCEF44-D2BA-42C7-B3CB-13667BCD7B54}.Debug|iPhone.ActiveCfg = Debug|Any CPU
		{A6FCEF44-D2BA-42C7-B3CB-13667BCD7B54}.Debug|iPhone.Build.0 = Debug|Any CPU
		{A6FCEF44-D2BA-42C7-B3CB-13667BCD7B54}.Debug|iPhoneSimulator.ActiveCfg = Debug|Any CPU
		{A6FCEF44-D2BA-42C7-B3CB-13667BCD7B54}.Debug|iPhoneSimulator.Build.0 = Debug|Any CPU
		{A6FCEF44-D2BA-42C7-B3CB-13667BCD7B54}.Debug|x64.ActiveCfg = Debug|Any CPU
		{A6FCEF44-D2BA-42C7-B3CB-13667BCD7B54}.Debug|x64.Build.0 = Debug|Any CPU
		{A6FCEF44-D2BA-42C7-B3CB-13667BCD7B54}.Debug|x86.ActiveCfg = Debug|Any CPU
		{A6FCEF44-D2BA-42C7-B3CB-13667BCD7B54}.Debug|x86.Build.0 = Debug|Any CPU
		{A6FCEF44-D2BA-42C7-B3CB-13667BCD7B54}.Release|Any CPU.ActiveCfg = Release|Any CPU
		{A6FCEF44-D2BA-42C7-B3CB-13667BCD7B54}.Release|Any CPU.Build.0 = Release|Any CPU
		{A6FCEF44-D2BA-42C7-B3CB-13667BCD7B54}.Release|ARM.ActiveCfg = Release|Any CPU
		{A6FCEF44-D2BA-42C7-B3CB-13667BCD7B54}.Release|ARM.Build.0 = Release|Any CPU
		{A6FCEF44-D2BA-42C7-B3CB-13667BCD7B54}.Release|iPhone.ActiveCfg = Release|Any CPU
		{A6FCEF44-D2BA-42C7-B3CB-13667BCD7B54}.Release|iPhone.Build.0 = Release|Any CPU
		{A6FCEF44-D2BA-42C7-B3CB-13667BCD7B54}.Release|iPhoneSimulator.ActiveCfg = Release|Any CPU
		{A6FCEF44-D2BA-42C7-B3CB-13667BCD7B54}.Release|iPhoneSimulator.Build.0 = Release|Any CPU
		{A6FCEF44-D2BA-42C7-B3CB-13667BCD7B54}.Release|x64.ActiveCfg = Release|Any CPU
		{A6FCEF44-D2BA-42C7-B3CB-13667BCD7B54}.Release|x64.Build.0 = Release|Any CPU
		{A6FCEF44-D2BA-42C7-B3CB-13667BCD7B54}.Release|x86.ActiveCfg = Release|Any CPU
		{A6FCEF44-D2BA-42C7-B3CB-13667BCD7B54}.Release|x86.Build.0 = Release|Any CPU
		{6EDB0588-FFC5-4EF5-8A99-9E241D0F878D}.Debug .NET Native|Any CPU.ActiveCfg = Debug|Any CPU
		{6EDB0588-FFC5-4EF5-8A99-9E241D0F878D}.Debug .NET Native|Any CPU.Build.0 = Debug|Any CPU
		{6EDB0588-FFC5-4EF5-8A99-9E241D0F878D}.Debug .NET Native|ARM.ActiveCfg = Debug|Any CPU
		{6EDB0588-FFC5-4EF5-8A99-9E241D0F878D}.Debug .NET Native|ARM.Build.0 = Debug|Any CPU
		{6EDB0588-FFC5-4EF5-8A99-9E241D0F878D}.Debug .NET Native|iPhone.ActiveCfg = Debug|Any CPU
		{6EDB0588-FFC5-4EF5-8A99-9E241D0F878D}.Debug .NET Native|iPhone.Build.0 = Debug|Any CPU
		{6EDB0588-FFC5-4EF5-8A99-9E241D0F878D}.Debug .NET Native|iPhoneSimulator.ActiveCfg = Debug|Any CPU
		{6EDB0588-FFC5-4EF5-8A99-9E241D0F878D}.Debug .NET Native|iPhoneSimulator.Build.0 = Debug|Any CPU
		{6EDB0588-FFC5-4EF5-8A99-9E241D0F878D}.Debug .NET Native|x64.ActiveCfg = Debug|Any CPU
		{6EDB0588-FFC5-4EF5-8A99-9E241D0F878D}.Debug .NET Native|x64.Build.0 = Debug|Any CPU
		{6EDB0588-FFC5-4EF5-8A99-9E241D0F878D}.Debug .NET Native|x86.ActiveCfg = Debug|Any CPU
		{6EDB0588-FFC5-4EF5-8A99-9E241D0F878D}.Debug .NET Native|x86.Build.0 = Debug|Any CPU
		{6EDB0588-FFC5-4EF5-8A99-9E241D0F878D}.Debug|Any CPU.ActiveCfg = Debug|Any CPU
		{6EDB0588-FFC5-4EF5-8A99-9E241D0F878D}.Debug|Any CPU.Build.0 = Debug|Any CPU
		{6EDB0588-FFC5-4EF5-8A99-9E241D0F878D}.Debug|ARM.ActiveCfg = Debug|Any CPU
		{6EDB0588-FFC5-4EF5-8A99-9E241D0F878D}.Debug|ARM.Build.0 = Debug|Any CPU
		{6EDB0588-FFC5-4EF5-8A99-9E241D0F878D}.Debug|iPhone.ActiveCfg = Debug|Any CPU
		{6EDB0588-FFC5-4EF5-8A99-9E241D0F878D}.Debug|iPhone.Build.0 = Debug|Any CPU
		{6EDB0588-FFC5-4EF5-8A99-9E241D0F878D}.Debug|iPhoneSimulator.ActiveCfg = Debug|Any CPU
		{6EDB0588-FFC5-4EF5-8A99-9E241D0F878D}.Debug|iPhoneSimulator.Build.0 = Debug|Any CPU
		{6EDB0588-FFC5-4EF5-8A99-9E241D0F878D}.Debug|x64.ActiveCfg = Debug|Any CPU
		{6EDB0588-FFC5-4EF5-8A99-9E241D0F878D}.Debug|x64.Build.0 = Debug|Any CPU
		{6EDB0588-FFC5-4EF5-8A99-9E241D0F878D}.Debug|x86.ActiveCfg = Debug|Any CPU
		{6EDB0588-FFC5-4EF5-8A99-9E241D0F878D}.Debug|x86.Build.0 = Debug|Any CPU
		{6EDB0588-FFC5-4EF5-8A99-9E241D0F878D}.Release|Any CPU.ActiveCfg = Release|Any CPU
		{6EDB0588-FFC5-4EF5-8A99-9E241D0F878D}.Release|Any CPU.Build.0 = Release|Any CPU
		{6EDB0588-FFC5-4EF5-8A99-9E241D0F878D}.Release|ARM.ActiveCfg = Release|Any CPU
		{6EDB0588-FFC5-4EF5-8A99-9E241D0F878D}.Release|ARM.Build.0 = Release|Any CPU
		{6EDB0588-FFC5-4EF5-8A99-9E241D0F878D}.Release|iPhone.ActiveCfg = Release|Any CPU
		{6EDB0588-FFC5-4EF5-8A99-9E241D0F878D}.Release|iPhone.Build.0 = Release|Any CPU
		{6EDB0588-FFC5-4EF5-8A99-9E241D0F878D}.Release|iPhoneSimulator.ActiveCfg = Release|Any CPU
		{6EDB0588-FFC5-4EF5-8A99-9E241D0F878D}.Release|iPhoneSimulator.Build.0 = Release|Any CPU
		{6EDB0588-FFC5-4EF5-8A99-9E241D0F878D}.Release|x64.ActiveCfg = Release|Any CPU
		{6EDB0588-FFC5-4EF5-8A99-9E241D0F878D}.Release|x64.Build.0 = Release|Any CPU
		{6EDB0588-FFC5-4EF5-8A99-9E241D0F878D}.Release|x86.ActiveCfg = Release|Any CPU
		{6EDB0588-FFC5-4EF5-8A99-9E241D0F878D}.Release|x86.Build.0 = Release|Any CPU
		{AC17589E-C817-4FA8-B3EC-CCEB25E55E59}.Debug .NET Native|Any CPU.ActiveCfg = Debug|Any CPU
		{AC17589E-C817-4FA8-B3EC-CCEB25E55E59}.Debug .NET Native|Any CPU.Build.0 = Debug|Any CPU
		{AC17589E-C817-4FA8-B3EC-CCEB25E55E59}.Debug .NET Native|ARM.ActiveCfg = Debug|Any CPU
		{AC17589E-C817-4FA8-B3EC-CCEB25E55E59}.Debug .NET Native|ARM.Build.0 = Debug|Any CPU
		{AC17589E-C817-4FA8-B3EC-CCEB25E55E59}.Debug .NET Native|iPhone.ActiveCfg = Debug|Any CPU
		{AC17589E-C817-4FA8-B3EC-CCEB25E55E59}.Debug .NET Native|iPhone.Build.0 = Debug|Any CPU
		{AC17589E-C817-4FA8-B3EC-CCEB25E55E59}.Debug .NET Native|iPhoneSimulator.ActiveCfg = Debug|Any CPU
		{AC17589E-C817-4FA8-B3EC-CCEB25E55E59}.Debug .NET Native|iPhoneSimulator.Build.0 = Debug|Any CPU
		{AC17589E-C817-4FA8-B3EC-CCEB25E55E59}.Debug .NET Native|x64.ActiveCfg = Debug|Any CPU
		{AC17589E-C817-4FA8-B3EC-CCEB25E55E59}.Debug .NET Native|x64.Build.0 = Debug|Any CPU
		{AC17589E-C817-4FA8-B3EC-CCEB25E55E59}.Debug .NET Native|x86.ActiveCfg = Debug|Any CPU
		{AC17589E-C817-4FA8-B3EC-CCEB25E55E59}.Debug .NET Native|x86.Build.0 = Debug|Any CPU
		{AC17589E-C817-4FA8-B3EC-CCEB25E55E59}.Debug|Any CPU.ActiveCfg = Debug|Any CPU
		{AC17589E-C817-4FA8-B3EC-CCEB25E55E59}.Debug|Any CPU.Build.0 = Debug|Any CPU
		{AC17589E-C817-4FA8-B3EC-CCEB25E55E59}.Debug|ARM.ActiveCfg = Debug|Any CPU
		{AC17589E-C817-4FA8-B3EC-CCEB25E55E59}.Debug|ARM.Build.0 = Debug|Any CPU
		{AC17589E-C817-4FA8-B3EC-CCEB25E55E59}.Debug|iPhone.ActiveCfg = Debug|Any CPU
		{AC17589E-C817-4FA8-B3EC-CCEB25E55E59}.Debug|iPhone.Build.0 = Debug|Any CPU
		{AC17589E-C817-4FA8-B3EC-CCEB25E55E59}.Debug|iPhoneSimulator.ActiveCfg = Debug|Any CPU
		{AC17589E-C817-4FA8-B3EC-CCEB25E55E59}.Debug|iPhoneSimulator.Build.0 = Debug|Any CPU
		{AC17589E-C817-4FA8-B3EC-CCEB25E55E59}.Debug|x64.ActiveCfg = Debug|Any CPU
		{AC17589E-C817-4FA8-B3EC-CCEB25E55E59}.Debug|x64.Build.0 = Debug|Any CPU
		{AC17589E-C817-4FA8-B3EC-CCEB25E55E59}.Debug|x86.ActiveCfg = Debug|Any CPU
		{AC17589E-C817-4FA8-B3EC-CCEB25E55E59}.Debug|x86.Build.0 = Debug|Any CPU
		{AC17589E-C817-4FA8-B3EC-CCEB25E55E59}.Release|Any CPU.ActiveCfg = Release|Any CPU
		{AC17589E-C817-4FA8-B3EC-CCEB25E55E59}.Release|Any CPU.Build.0 = Release|Any CPU
		{AC17589E-C817-4FA8-B3EC-CCEB25E55E59}.Release|ARM.ActiveCfg = Release|Any CPU
		{AC17589E-C817-4FA8-B3EC-CCEB25E55E59}.Release|ARM.Build.0 = Release|Any CPU
		{AC17589E-C817-4FA8-B3EC-CCEB25E55E59}.Release|iPhone.ActiveCfg = Release|Any CPU
		{AC17589E-C817-4FA8-B3EC-CCEB25E55E59}.Release|iPhone.Build.0 = Release|Any CPU
		{AC17589E-C817-4FA8-B3EC-CCEB25E55E59}.Release|iPhoneSimulator.ActiveCfg = Release|Any CPU
		{AC17589E-C817-4FA8-B3EC-CCEB25E55E59}.Release|iPhoneSimulator.Build.0 = Release|Any CPU
		{AC17589E-C817-4FA8-B3EC-CCEB25E55E59}.Release|x64.ActiveCfg = Release|Any CPU
		{AC17589E-C817-4FA8-B3EC-CCEB25E55E59}.Release|x64.Build.0 = Release|Any CPU
		{AC17589E-C817-4FA8-B3EC-CCEB25E55E59}.Release|x86.ActiveCfg = Release|Any CPU
		{AC17589E-C817-4FA8-B3EC-CCEB25E55E59}.Release|x86.Build.0 = Release|Any CPU
		{7528DD0A-1781-47F4-ADBF-EEDDB011F6BB}.Debug .NET Native|Any CPU.ActiveCfg = Debug|Any CPU
		{7528DD0A-1781-47F4-ADBF-EEDDB011F6BB}.Debug .NET Native|Any CPU.Build.0 = Debug|Any CPU
		{7528DD0A-1781-47F4-ADBF-EEDDB011F6BB}.Debug .NET Native|ARM.ActiveCfg = Debug|Any CPU
		{7528DD0A-1781-47F4-ADBF-EEDDB011F6BB}.Debug .NET Native|ARM.Build.0 = Debug|Any CPU
		{7528DD0A-1781-47F4-ADBF-EEDDB011F6BB}.Debug .NET Native|iPhone.ActiveCfg = Debug|Any CPU
		{7528DD0A-1781-47F4-ADBF-EEDDB011F6BB}.Debug .NET Native|iPhone.Build.0 = Debug|Any CPU
		{7528DD0A-1781-47F4-ADBF-EEDDB011F6BB}.Debug .NET Native|iPhoneSimulator.ActiveCfg = Debug|Any CPU
		{7528DD0A-1781-47F4-ADBF-EEDDB011F6BB}.Debug .NET Native|iPhoneSimulator.Build.0 = Debug|Any CPU
		{7528DD0A-1781-47F4-ADBF-EEDDB011F6BB}.Debug .NET Native|x64.ActiveCfg = Debug|Any CPU
		{7528DD0A-1781-47F4-ADBF-EEDDB011F6BB}.Debug .NET Native|x64.Build.0 = Debug|Any CPU
		{7528DD0A-1781-47F4-ADBF-EEDDB011F6BB}.Debug .NET Native|x86.ActiveCfg = Debug|Any CPU
		{7528DD0A-1781-47F4-ADBF-EEDDB011F6BB}.Debug .NET Native|x86.Build.0 = Debug|Any CPU
		{7528DD0A-1781-47F4-ADBF-EEDDB011F6BB}.Debug|Any CPU.ActiveCfg = Debug|Any CPU
		{7528DD0A-1781-47F4-ADBF-EEDDB011F6BB}.Debug|Any CPU.Build.0 = Debug|Any CPU
		{7528DD0A-1781-47F4-ADBF-EEDDB011F6BB}.Debug|ARM.ActiveCfg = Debug|Any CPU
		{7528DD0A-1781-47F4-ADBF-EEDDB011F6BB}.Debug|ARM.Build.0 = Debug|Any CPU
		{7528DD0A-1781-47F4-ADBF-EEDDB011F6BB}.Debug|iPhone.ActiveCfg = Debug|Any CPU
		{7528DD0A-1781-47F4-ADBF-EEDDB011F6BB}.Debug|iPhone.Build.0 = Debug|Any CPU
		{7528DD0A-1781-47F4-ADBF-EEDDB011F6BB}.Debug|iPhoneSimulator.ActiveCfg = Debug|Any CPU
		{7528DD0A-1781-47F4-ADBF-EEDDB011F6BB}.Debug|iPhoneSimulator.Build.0 = Debug|Any CPU
		{7528DD0A-1781-47F4-ADBF-EEDDB011F6BB}.Debug|x64.ActiveCfg = Debug|Any CPU
		{7528DD0A-1781-47F4-ADBF-EEDDB011F6BB}.Debug|x64.Build.0 = Debug|Any CPU
		{7528DD0A-1781-47F4-ADBF-EEDDB011F6BB}.Debug|x86.ActiveCfg = Debug|Any CPU
		{7528DD0A-1781-47F4-ADBF-EEDDB011F6BB}.Debug|x86.Build.0 = Debug|Any CPU
		{7528DD0A-1781-47F4-ADBF-EEDDB011F6BB}.Release|Any CPU.ActiveCfg = Release|Any CPU
		{7528DD0A-1781-47F4-ADBF-EEDDB011F6BB}.Release|Any CPU.Build.0 = Release|Any CPU
		{7528DD0A-1781-47F4-ADBF-EEDDB011F6BB}.Release|ARM.ActiveCfg = Release|Any CPU
		{7528DD0A-1781-47F4-ADBF-EEDDB011F6BB}.Release|ARM.Build.0 = Release|Any CPU
		{7528DD0A-1781-47F4-ADBF-EEDDB011F6BB}.Release|iPhone.ActiveCfg = Release|Any CPU
		{7528DD0A-1781-47F4-ADBF-EEDDB011F6BB}.Release|iPhone.Build.0 = Release|Any CPU
		{7528DD0A-1781-47F4-ADBF-EEDDB011F6BB}.Release|iPhoneSimulator.ActiveCfg = Release|Any CPU
		{7528DD0A-1781-47F4-ADBF-EEDDB011F6BB}.Release|iPhoneSimulator.Build.0 = Release|Any CPU
		{7528DD0A-1781-47F4-ADBF-EEDDB011F6BB}.Release|x64.ActiveCfg = Release|Any CPU
		{7528DD0A-1781-47F4-ADBF-EEDDB011F6BB}.Release|x64.Build.0 = Release|Any CPU
		{7528DD0A-1781-47F4-ADBF-EEDDB011F6BB}.Release|x86.ActiveCfg = Release|Any CPU
		{7528DD0A-1781-47F4-ADBF-EEDDB011F6BB}.Release|x86.Build.0 = Release|Any CPU
		{8E54DB74-C094-4016-859A-D1C7F2509A58}.Debug .NET Native|Any CPU.ActiveCfg = Debug|Any CPU
		{8E54DB74-C094-4016-859A-D1C7F2509A58}.Debug .NET Native|Any CPU.Build.0 = Debug|Any CPU
		{8E54DB74-C094-4016-859A-D1C7F2509A58}.Debug .NET Native|ARM.ActiveCfg = Debug|Any CPU
		{8E54DB74-C094-4016-859A-D1C7F2509A58}.Debug .NET Native|ARM.Build.0 = Debug|Any CPU
		{8E54DB74-C094-4016-859A-D1C7F2509A58}.Debug .NET Native|iPhone.ActiveCfg = Debug|Any CPU
		{8E54DB74-C094-4016-859A-D1C7F2509A58}.Debug .NET Native|iPhone.Build.0 = Debug|Any CPU
		{8E54DB74-C094-4016-859A-D1C7F2509A58}.Debug .NET Native|iPhoneSimulator.ActiveCfg = Debug|Any CPU
		{8E54DB74-C094-4016-859A-D1C7F2509A58}.Debug .NET Native|iPhoneSimulator.Build.0 = Debug|Any CPU
		{8E54DB74-C094-4016-859A-D1C7F2509A58}.Debug .NET Native|x64.ActiveCfg = Debug|Any CPU
		{8E54DB74-C094-4016-859A-D1C7F2509A58}.Debug .NET Native|x64.Build.0 = Debug|Any CPU
		{8E54DB74-C094-4016-859A-D1C7F2509A58}.Debug .NET Native|x86.ActiveCfg = Debug|Any CPU
		{8E54DB74-C094-4016-859A-D1C7F2509A58}.Debug .NET Native|x86.Build.0 = Debug|Any CPU
		{8E54DB74-C094-4016-859A-D1C7F2509A58}.Debug|Any CPU.ActiveCfg = Debug|Any CPU
		{8E54DB74-C094-4016-859A-D1C7F2509A58}.Debug|Any CPU.Build.0 = Debug|Any CPU
		{8E54DB74-C094-4016-859A-D1C7F2509A58}.Debug|ARM.ActiveCfg = Debug|Any CPU
		{8E54DB74-C094-4016-859A-D1C7F2509A58}.Debug|ARM.Build.0 = Debug|Any CPU
		{8E54DB74-C094-4016-859A-D1C7F2509A58}.Debug|iPhone.ActiveCfg = Debug|Any CPU
		{8E54DB74-C094-4016-859A-D1C7F2509A58}.Debug|iPhone.Build.0 = Debug|Any CPU
		{8E54DB74-C094-4016-859A-D1C7F2509A58}.Debug|iPhoneSimulator.ActiveCfg = Debug|Any CPU
		{8E54DB74-C094-4016-859A-D1C7F2509A58}.Debug|iPhoneSimulator.Build.0 = Debug|Any CPU
		{8E54DB74-C094-4016-859A-D1C7F2509A58}.Debug|x64.ActiveCfg = Debug|Any CPU
		{8E54DB74-C094-4016-859A-D1C7F2509A58}.Debug|x64.Build.0 = Debug|Any CPU
		{8E54DB74-C094-4016-859A-D1C7F2509A58}.Debug|x86.ActiveCfg = Debug|Any CPU
		{8E54DB74-C094-4016-859A-D1C7F2509A58}.Debug|x86.Build.0 = Debug|Any CPU
		{8E54DB74-C094-4016-859A-D1C7F2509A58}.Release|Any CPU.ActiveCfg = Release|Any CPU
		{8E54DB74-C094-4016-859A-D1C7F2509A58}.Release|Any CPU.Build.0 = Release|Any CPU
		{8E54DB74-C094-4016-859A-D1C7F2509A58}.Release|ARM.ActiveCfg = Release|Any CPU
		{8E54DB74-C094-4016-859A-D1C7F2509A58}.Release|ARM.Build.0 = Release|Any CPU
		{8E54DB74-C094-4016-859A-D1C7F2509A58}.Release|iPhone.ActiveCfg = Release|Any CPU
		{8E54DB74-C094-4016-859A-D1C7F2509A58}.Release|iPhone.Build.0 = Release|Any CPU
		{8E54DB74-C094-4016-859A-D1C7F2509A58}.Release|iPhoneSimulator.ActiveCfg = Release|Any CPU
		{8E54DB74-C094-4016-859A-D1C7F2509A58}.Release|iPhoneSimulator.Build.0 = Release|Any CPU
		{8E54DB74-C094-4016-859A-D1C7F2509A58}.Release|x64.ActiveCfg = Release|Any CPU
		{8E54DB74-C094-4016-859A-D1C7F2509A58}.Release|x64.Build.0 = Release|Any CPU
		{8E54DB74-C094-4016-859A-D1C7F2509A58}.Release|x86.ActiveCfg = Release|Any CPU
		{8E54DB74-C094-4016-859A-D1C7F2509A58}.Release|x86.Build.0 = Release|Any CPU
		{24B441F2-CBE9-4405-9FD0-72EBCBEA0EC3}.Debug .NET Native|Any CPU.ActiveCfg = Debug|Any CPU
		{24B441F2-CBE9-4405-9FD0-72EBCBEA0EC3}.Debug .NET Native|Any CPU.Build.0 = Debug|Any CPU
		{24B441F2-CBE9-4405-9FD0-72EBCBEA0EC3}.Debug .NET Native|ARM.ActiveCfg = Debug|Any CPU
		{24B441F2-CBE9-4405-9FD0-72EBCBEA0EC3}.Debug .NET Native|ARM.Build.0 = Debug|Any CPU
		{24B441F2-CBE9-4405-9FD0-72EBCBEA0EC3}.Debug .NET Native|iPhone.ActiveCfg = Debug|Any CPU
		{24B441F2-CBE9-4405-9FD0-72EBCBEA0EC3}.Debug .NET Native|iPhone.Build.0 = Debug|Any CPU
		{24B441F2-CBE9-4405-9FD0-72EBCBEA0EC3}.Debug .NET Native|iPhoneSimulator.ActiveCfg = Debug|Any CPU
		{24B441F2-CBE9-4405-9FD0-72EBCBEA0EC3}.Debug .NET Native|iPhoneSimulator.Build.0 = Debug|Any CPU
		{24B441F2-CBE9-4405-9FD0-72EBCBEA0EC3}.Debug .NET Native|x64.ActiveCfg = Debug|Any CPU
		{24B441F2-CBE9-4405-9FD0-72EBCBEA0EC3}.Debug .NET Native|x64.Build.0 = Debug|Any CPU
		{24B441F2-CBE9-4405-9FD0-72EBCBEA0EC3}.Debug .NET Native|x86.ActiveCfg = Debug|Any CPU
		{24B441F2-CBE9-4405-9FD0-72EBCBEA0EC3}.Debug .NET Native|x86.Build.0 = Debug|Any CPU
		{24B441F2-CBE9-4405-9FD0-72EBCBEA0EC3}.Debug|Any CPU.ActiveCfg = Debug|Any CPU
		{24B441F2-CBE9-4405-9FD0-72EBCBEA0EC3}.Debug|Any CPU.Build.0 = Debug|Any CPU
		{24B441F2-CBE9-4405-9FD0-72EBCBEA0EC3}.Debug|ARM.ActiveCfg = Debug|Any CPU
		{24B441F2-CBE9-4405-9FD0-72EBCBEA0EC3}.Debug|ARM.Build.0 = Debug|Any CPU
		{24B441F2-CBE9-4405-9FD0-72EBCBEA0EC3}.Debug|iPhone.ActiveCfg = Debug|Any CPU
		{24B441F2-CBE9-4405-9FD0-72EBCBEA0EC3}.Debug|iPhone.Build.0 = Debug|Any CPU
		{24B441F2-CBE9-4405-9FD0-72EBCBEA0EC3}.Debug|iPhoneSimulator.ActiveCfg = Debug|Any CPU
		{24B441F2-CBE9-4405-9FD0-72EBCBEA0EC3}.Debug|iPhoneSimulator.Build.0 = Debug|Any CPU
		{24B441F2-CBE9-4405-9FD0-72EBCBEA0EC3}.Debug|x64.ActiveCfg = Debug|Any CPU
		{24B441F2-CBE9-4405-9FD0-72EBCBEA0EC3}.Debug|x64.Build.0 = Debug|Any CPU
		{24B441F2-CBE9-4405-9FD0-72EBCBEA0EC3}.Debug|x86.ActiveCfg = Debug|Any CPU
		{24B441F2-CBE9-4405-9FD0-72EBCBEA0EC3}.Debug|x86.Build.0 = Debug|Any CPU
		{24B441F2-CBE9-4405-9FD0-72EBCBEA0EC3}.Release|Any CPU.ActiveCfg = Release|Any CPU
		{24B441F2-CBE9-4405-9FD0-72EBCBEA0EC3}.Release|Any CPU.Build.0 = Release|Any CPU
		{24B441F2-CBE9-4405-9FD0-72EBCBEA0EC3}.Release|ARM.ActiveCfg = Release|Any CPU
		{24B441F2-CBE9-4405-9FD0-72EBCBEA0EC3}.Release|ARM.Build.0 = Release|Any CPU
		{24B441F2-CBE9-4405-9FD0-72EBCBEA0EC3}.Release|iPhone.ActiveCfg = Release|Any CPU
		{24B441F2-CBE9-4405-9FD0-72EBCBEA0EC3}.Release|iPhone.Build.0 = Release|Any CPU
		{24B441F2-CBE9-4405-9FD0-72EBCBEA0EC3}.Release|iPhoneSimulator.ActiveCfg = Release|Any CPU
		{24B441F2-CBE9-4405-9FD0-72EBCBEA0EC3}.Release|iPhoneSimulator.Build.0 = Release|Any CPU
		{24B441F2-CBE9-4405-9FD0-72EBCBEA0EC3}.Release|x64.ActiveCfg = Release|Any CPU
		{24B441F2-CBE9-4405-9FD0-72EBCBEA0EC3}.Release|x64.Build.0 = Release|Any CPU
		{24B441F2-CBE9-4405-9FD0-72EBCBEA0EC3}.Release|x86.ActiveCfg = Release|Any CPU
		{24B441F2-CBE9-4405-9FD0-72EBCBEA0EC3}.Release|x86.Build.0 = Release|Any CPU
		{DC2FF2AE-4090-4056-BBE4-087BDE6567BD}.Debug .NET Native|Any CPU.ActiveCfg = Debug|Any CPU
		{DC2FF2AE-4090-4056-BBE4-087BDE6567BD}.Debug .NET Native|Any CPU.Build.0 = Debug|Any CPU
		{DC2FF2AE-4090-4056-BBE4-087BDE6567BD}.Debug .NET Native|ARM.ActiveCfg = Debug|Any CPU
		{DC2FF2AE-4090-4056-BBE4-087BDE6567BD}.Debug .NET Native|ARM.Build.0 = Debug|Any CPU
		{DC2FF2AE-4090-4056-BBE4-087BDE6567BD}.Debug .NET Native|iPhone.ActiveCfg = Debug|Any CPU
		{DC2FF2AE-4090-4056-BBE4-087BDE6567BD}.Debug .NET Native|iPhone.Build.0 = Debug|Any CPU
		{DC2FF2AE-4090-4056-BBE4-087BDE6567BD}.Debug .NET Native|iPhoneSimulator.ActiveCfg = Debug|Any CPU
		{DC2FF2AE-4090-4056-BBE4-087BDE6567BD}.Debug .NET Native|iPhoneSimulator.Build.0 = Debug|Any CPU
		{DC2FF2AE-4090-4056-BBE4-087BDE6567BD}.Debug .NET Native|x64.ActiveCfg = Debug|Any CPU
		{DC2FF2AE-4090-4056-BBE4-087BDE6567BD}.Debug .NET Native|x64.Build.0 = Debug|Any CPU
		{DC2FF2AE-4090-4056-BBE4-087BDE6567BD}.Debug .NET Native|x86.ActiveCfg = Debug|Any CPU
		{DC2FF2AE-4090-4056-BBE4-087BDE6567BD}.Debug .NET Native|x86.Build.0 = Debug|Any CPU
		{DC2FF2AE-4090-4056-BBE4-087BDE6567BD}.Debug|Any CPU.ActiveCfg = Debug|Any CPU
		{DC2FF2AE-4090-4056-BBE4-087BDE6567BD}.Debug|Any CPU.Build.0 = Debug|Any CPU
		{DC2FF2AE-4090-4056-BBE4-087BDE6567BD}.Debug|ARM.ActiveCfg = Debug|Any CPU
		{DC2FF2AE-4090-4056-BBE4-087BDE6567BD}.Debug|ARM.Build.0 = Debug|Any CPU
		{DC2FF2AE-4090-4056-BBE4-087BDE6567BD}.Debug|iPhone.ActiveCfg = Debug|Any CPU
		{DC2FF2AE-4090-4056-BBE4-087BDE6567BD}.Debug|iPhone.Build.0 = Debug|Any CPU
		{DC2FF2AE-4090-4056-BBE4-087BDE6567BD}.Debug|iPhoneSimulator.ActiveCfg = Debug|Any CPU
		{DC2FF2AE-4090-4056-BBE4-087BDE6567BD}.Debug|iPhoneSimulator.Build.0 = Debug|Any CPU
		{DC2FF2AE-4090-4056-BBE4-087BDE6567BD}.Debug|x64.ActiveCfg = Debug|Any CPU
		{DC2FF2AE-4090-4056-BBE4-087BDE6567BD}.Debug|x64.Build.0 = Debug|Any CPU
		{DC2FF2AE-4090-4056-BBE4-087BDE6567BD}.Debug|x86.ActiveCfg = Debug|Any CPU
		{DC2FF2AE-4090-4056-BBE4-087BDE6567BD}.Debug|x86.Build.0 = Debug|Any CPU
		{DC2FF2AE-4090-4056-BBE4-087BDE6567BD}.Release|Any CPU.ActiveCfg = Release|Any CPU
		{DC2FF2AE-4090-4056-BBE4-087BDE6567BD}.Release|Any CPU.Build.0 = Release|Any CPU
		{DC2FF2AE-4090-4056-BBE4-087BDE6567BD}.Release|ARM.ActiveCfg = Release|Any CPU
		{DC2FF2AE-4090-4056-BBE4-087BDE6567BD}.Release|ARM.Build.0 = Release|Any CPU
		{DC2FF2AE-4090-4056-BBE4-087BDE6567BD}.Release|iPhone.ActiveCfg = Release|Any CPU
		{DC2FF2AE-4090-4056-BBE4-087BDE6567BD}.Release|iPhone.Build.0 = Release|Any CPU
		{DC2FF2AE-4090-4056-BBE4-087BDE6567BD}.Release|iPhoneSimulator.ActiveCfg = Release|Any CPU
		{DC2FF2AE-4090-4056-BBE4-087BDE6567BD}.Release|iPhoneSimulator.Build.0 = Release|Any CPU
		{DC2FF2AE-4090-4056-BBE4-087BDE6567BD}.Release|x64.ActiveCfg = Release|Any CPU
		{DC2FF2AE-4090-4056-BBE4-087BDE6567BD}.Release|x64.Build.0 = Release|Any CPU
		{DC2FF2AE-4090-4056-BBE4-087BDE6567BD}.Release|x86.ActiveCfg = Release|Any CPU
		{DC2FF2AE-4090-4056-BBE4-087BDE6567BD}.Release|x86.Build.0 = Release|Any CPU
		{DF1A9433-F648-4CAC-93EF-91FCD2247C9E}.Debug .NET Native|Any CPU.ActiveCfg = Debug .NET Native|x86
		{DF1A9433-F648-4CAC-93EF-91FCD2247C9E}.Debug .NET Native|ARM.ActiveCfg = Debug .NET Native|ARM
		{DF1A9433-F648-4CAC-93EF-91FCD2247C9E}.Debug .NET Native|ARM.Build.0 = Debug .NET Native|ARM
		{DF1A9433-F648-4CAC-93EF-91FCD2247C9E}.Debug .NET Native|ARM.Deploy.0 = Debug .NET Native|ARM
		{DF1A9433-F648-4CAC-93EF-91FCD2247C9E}.Debug .NET Native|iPhone.ActiveCfg = Debug .NET Native|x86
		{DF1A9433-F648-4CAC-93EF-91FCD2247C9E}.Debug .NET Native|iPhoneSimulator.ActiveCfg = Debug .NET Native|x86
		{DF1A9433-F648-4CAC-93EF-91FCD2247C9E}.Debug .NET Native|x64.ActiveCfg = Debug .NET Native|x64
		{DF1A9433-F648-4CAC-93EF-91FCD2247C9E}.Debug .NET Native|x64.Build.0 = Debug .NET Native|x64
		{DF1A9433-F648-4CAC-93EF-91FCD2247C9E}.Debug .NET Native|x64.Deploy.0 = Debug .NET Native|x64
		{DF1A9433-F648-4CAC-93EF-91FCD2247C9E}.Debug .NET Native|x86.ActiveCfg = Debug .NET Native|x86
		{DF1A9433-F648-4CAC-93EF-91FCD2247C9E}.Debug .NET Native|x86.Build.0 = Debug .NET Native|x86
		{DF1A9433-F648-4CAC-93EF-91FCD2247C9E}.Debug .NET Native|x86.Deploy.0 = Debug .NET Native|x86
		{DF1A9433-F648-4CAC-93EF-91FCD2247C9E}.Debug|Any CPU.ActiveCfg = Debug|x86
		{DF1A9433-F648-4CAC-93EF-91FCD2247C9E}.Debug|Any CPU.Build.0 = Debug|x86
		{DF1A9433-F648-4CAC-93EF-91FCD2247C9E}.Debug|ARM.ActiveCfg = Debug|ARM
		{DF1A9433-F648-4CAC-93EF-91FCD2247C9E}.Debug|ARM.Build.0 = Debug|ARM
		{DF1A9433-F648-4CAC-93EF-91FCD2247C9E}.Debug|ARM.Deploy.0 = Debug|ARM
		{DF1A9433-F648-4CAC-93EF-91FCD2247C9E}.Debug|iPhone.ActiveCfg = Debug|x86
		{DF1A9433-F648-4CAC-93EF-91FCD2247C9E}.Debug|iPhone.Build.0 = Debug|x86
		{DF1A9433-F648-4CAC-93EF-91FCD2247C9E}.Debug|iPhoneSimulator.ActiveCfg = Debug|x86
		{DF1A9433-F648-4CAC-93EF-91FCD2247C9E}.Debug|iPhoneSimulator.Build.0 = Debug|x86
		{DF1A9433-F648-4CAC-93EF-91FCD2247C9E}.Debug|x64.ActiveCfg = Debug|x64
		{DF1A9433-F648-4CAC-93EF-91FCD2247C9E}.Debug|x64.Build.0 = Debug|x64
		{DF1A9433-F648-4CAC-93EF-91FCD2247C9E}.Debug|x64.Deploy.0 = Debug|x64
		{DF1A9433-F648-4CAC-93EF-91FCD2247C9E}.Debug|x86.ActiveCfg = Debug|x86
		{DF1A9433-F648-4CAC-93EF-91FCD2247C9E}.Debug|x86.Build.0 = Debug|x86
		{DF1A9433-F648-4CAC-93EF-91FCD2247C9E}.Debug|x86.Deploy.0 = Debug|x86
		{DF1A9433-F648-4CAC-93EF-91FCD2247C9E}.Release|Any CPU.ActiveCfg = Release|x86
		{DF1A9433-F648-4CAC-93EF-91FCD2247C9E}.Release|Any CPU.Build.0 = Release|x86
		{DF1A9433-F648-4CAC-93EF-91FCD2247C9E}.Release|ARM.ActiveCfg = Release|ARM
		{DF1A9433-F648-4CAC-93EF-91FCD2247C9E}.Release|ARM.Build.0 = Release|ARM
		{DF1A9433-F648-4CAC-93EF-91FCD2247C9E}.Release|ARM.Deploy.0 = Release|ARM
		{DF1A9433-F648-4CAC-93EF-91FCD2247C9E}.Release|iPhone.ActiveCfg = Release|x86
		{DF1A9433-F648-4CAC-93EF-91FCD2247C9E}.Release|iPhone.Build.0 = Release|x86
		{DF1A9433-F648-4CAC-93EF-91FCD2247C9E}.Release|iPhoneSimulator.ActiveCfg = Release|x86
		{DF1A9433-F648-4CAC-93EF-91FCD2247C9E}.Release|iPhoneSimulator.Build.0 = Release|x86
		{DF1A9433-F648-4CAC-93EF-91FCD2247C9E}.Release|x64.ActiveCfg = Release|x64
		{DF1A9433-F648-4CAC-93EF-91FCD2247C9E}.Release|x64.Build.0 = Release|x64
		{DF1A9433-F648-4CAC-93EF-91FCD2247C9E}.Release|x64.Deploy.0 = Release|x64
		{DF1A9433-F648-4CAC-93EF-91FCD2247C9E}.Release|x86.ActiveCfg = Release|x86
		{DF1A9433-F648-4CAC-93EF-91FCD2247C9E}.Release|x86.Build.0 = Release|x86
		{DF1A9433-F648-4CAC-93EF-91FCD2247C9E}.Release|x86.Deploy.0 = Release|x86
		{C785F56E-0D1D-492C-850B-4D882314F29B}.Debug .NET Native|Any CPU.ActiveCfg = Debug|Any CPU
		{C785F56E-0D1D-492C-850B-4D882314F29B}.Debug .NET Native|Any CPU.Build.0 = Debug|Any CPU
		{C785F56E-0D1D-492C-850B-4D882314F29B}.Debug .NET Native|ARM.ActiveCfg = Debug|ARM
		{C785F56E-0D1D-492C-850B-4D882314F29B}.Debug .NET Native|ARM.Build.0 = Debug|ARM
		{C785F56E-0D1D-492C-850B-4D882314F29B}.Debug .NET Native|iPhone.ActiveCfg = Debug|Any CPU
		{C785F56E-0D1D-492C-850B-4D882314F29B}.Debug .NET Native|iPhone.Build.0 = Debug|Any CPU
		{C785F56E-0D1D-492C-850B-4D882314F29B}.Debug .NET Native|iPhoneSimulator.ActiveCfg = Debug|Any CPU
		{C785F56E-0D1D-492C-850B-4D882314F29B}.Debug .NET Native|iPhoneSimulator.Build.0 = Debug|Any CPU
		{C785F56E-0D1D-492C-850B-4D882314F29B}.Debug .NET Native|x64.ActiveCfg = Debug|x64
		{C785F56E-0D1D-492C-850B-4D882314F29B}.Debug .NET Native|x64.Build.0 = Debug|x64
		{C785F56E-0D1D-492C-850B-4D882314F29B}.Debug .NET Native|x86.ActiveCfg = Debug|x86
		{C785F56E-0D1D-492C-850B-4D882314F29B}.Debug .NET Native|x86.Build.0 = Debug|x86
		{C785F56E-0D1D-492C-850B-4D882314F29B}.Debug|Any CPU.ActiveCfg = Debug|Any CPU
		{C785F56E-0D1D-492C-850B-4D882314F29B}.Debug|Any CPU.Build.0 = Debug|Any CPU
		{C785F56E-0D1D-492C-850B-4D882314F29B}.Debug|ARM.ActiveCfg = Debug|ARM
		{C785F56E-0D1D-492C-850B-4D882314F29B}.Debug|ARM.Build.0 = Debug|ARM
		{C785F56E-0D1D-492C-850B-4D882314F29B}.Debug|iPhone.ActiveCfg = Debug|Any CPU
		{C785F56E-0D1D-492C-850B-4D882314F29B}.Debug|iPhone.Build.0 = Debug|Any CPU
		{C785F56E-0D1D-492C-850B-4D882314F29B}.Debug|iPhoneSimulator.ActiveCfg = Debug|Any CPU
		{C785F56E-0D1D-492C-850B-4D882314F29B}.Debug|iPhoneSimulator.Build.0 = Debug|Any CPU
		{C785F56E-0D1D-492C-850B-4D882314F29B}.Debug|x64.ActiveCfg = Debug|x64
		{C785F56E-0D1D-492C-850B-4D882314F29B}.Debug|x64.Build.0 = Debug|x64
		{C785F56E-0D1D-492C-850B-4D882314F29B}.Debug|x86.ActiveCfg = Debug|x86
		{C785F56E-0D1D-492C-850B-4D882314F29B}.Debug|x86.Build.0 = Debug|x86
		{C785F56E-0D1D-492C-850B-4D882314F29B}.Release|Any CPU.ActiveCfg = Release|Any CPU
		{C785F56E-0D1D-492C-850B-4D882314F29B}.Release|Any CPU.Build.0 = Release|Any CPU
		{C785F56E-0D1D-492C-850B-4D882314F29B}.Release|ARM.ActiveCfg = Release|ARM
		{C785F56E-0D1D-492C-850B-4D882314F29B}.Release|ARM.Build.0 = Release|ARM
		{C785F56E-0D1D-492C-850B-4D882314F29B}.Release|iPhone.ActiveCfg = Release|Any CPU
		{C785F56E-0D1D-492C-850B-4D882314F29B}.Release|iPhone.Build.0 = Release|Any CPU
		{C785F56E-0D1D-492C-850B-4D882314F29B}.Release|iPhoneSimulator.ActiveCfg = Release|Any CPU
		{C785F56E-0D1D-492C-850B-4D882314F29B}.Release|iPhoneSimulator.Build.0 = Release|Any CPU
		{C785F56E-0D1D-492C-850B-4D882314F29B}.Release|x64.ActiveCfg = Release|x64
		{C785F56E-0D1D-492C-850B-4D882314F29B}.Release|x64.Build.0 = Release|x64
		{C785F56E-0D1D-492C-850B-4D882314F29B}.Release|x86.ActiveCfg = Release|x86
		{C785F56E-0D1D-492C-850B-4D882314F29B}.Release|x86.Build.0 = Release|x86
		{1B000BCA-4895-4ACF-A0C6-3ADF3A9BEDF2}.Debug .NET Native|Any CPU.ActiveCfg = Debug|Any CPU
		{1B000BCA-4895-4ACF-A0C6-3ADF3A9BEDF2}.Debug .NET Native|Any CPU.Build.0 = Debug|Any CPU
		{1B000BCA-4895-4ACF-A0C6-3ADF3A9BEDF2}.Debug .NET Native|ARM.ActiveCfg = Debug|ARM
		{1B000BCA-4895-4ACF-A0C6-3ADF3A9BEDF2}.Debug .NET Native|ARM.Build.0 = Debug|ARM
		{1B000BCA-4895-4ACF-A0C6-3ADF3A9BEDF2}.Debug .NET Native|iPhone.ActiveCfg = Debug|Any CPU
		{1B000BCA-4895-4ACF-A0C6-3ADF3A9BEDF2}.Debug .NET Native|iPhone.Build.0 = Debug|Any CPU
		{1B000BCA-4895-4ACF-A0C6-3ADF3A9BEDF2}.Debug .NET Native|iPhoneSimulator.ActiveCfg = Debug|Any CPU
		{1B000BCA-4895-4ACF-A0C6-3ADF3A9BEDF2}.Debug .NET Native|iPhoneSimulator.Build.0 = Debug|Any CPU
		{1B000BCA-4895-4ACF-A0C6-3ADF3A9BEDF2}.Debug .NET Native|x64.ActiveCfg = Debug|x64
		{1B000BCA-4895-4ACF-A0C6-3ADF3A9BEDF2}.Debug .NET Native|x64.Build.0 = Debug|x64
		{1B000BCA-4895-4ACF-A0C6-3ADF3A9BEDF2}.Debug .NET Native|x86.ActiveCfg = Debug|x86
		{1B000BCA-4895-4ACF-A0C6-3ADF3A9BEDF2}.Debug .NET Native|x86.Build.0 = Debug|x86
		{1B000BCA-4895-4ACF-A0C6-3ADF3A9BEDF2}.Debug|Any CPU.ActiveCfg = Debug|Any CPU
		{1B000BCA-4895-4ACF-A0C6-3ADF3A9BEDF2}.Debug|Any CPU.Build.0 = Debug|Any CPU
		{1B000BCA-4895-4ACF-A0C6-3ADF3A9BEDF2}.Debug|ARM.ActiveCfg = Debug|ARM
		{1B000BCA-4895-4ACF-A0C6-3ADF3A9BEDF2}.Debug|ARM.Build.0 = Debug|ARM
		{1B000BCA-4895-4ACF-A0C6-3ADF3A9BEDF2}.Debug|iPhone.ActiveCfg = Debug|Any CPU
		{1B000BCA-4895-4ACF-A0C6-3ADF3A9BEDF2}.Debug|iPhone.Build.0 = Debug|Any CPU
		{1B000BCA-4895-4ACF-A0C6-3ADF3A9BEDF2}.Debug|iPhoneSimulator.ActiveCfg = Debug|Any CPU
		{1B000BCA-4895-4ACF-A0C6-3ADF3A9BEDF2}.Debug|iPhoneSimulator.Build.0 = Debug|Any CPU
		{1B000BCA-4895-4ACF-A0C6-3ADF3A9BEDF2}.Debug|x64.ActiveCfg = Debug|x64
		{1B000BCA-4895-4ACF-A0C6-3ADF3A9BEDF2}.Debug|x64.Build.0 = Debug|x64
		{1B000BCA-4895-4ACF-A0C6-3ADF3A9BEDF2}.Debug|x86.ActiveCfg = Debug|x86
		{1B000BCA-4895-4ACF-A0C6-3ADF3A9BEDF2}.Debug|x86.Build.0 = Debug|x86
		{1B000BCA-4895-4ACF-A0C6-3ADF3A9BEDF2}.Release|Any CPU.ActiveCfg = Release|Any CPU
		{1B000BCA-4895-4ACF-A0C6-3ADF3A9BEDF2}.Release|Any CPU.Build.0 = Release|Any CPU
		{1B000BCA-4895-4ACF-A0C6-3ADF3A9BEDF2}.Release|ARM.ActiveCfg = Release|ARM
		{1B000BCA-4895-4ACF-A0C6-3ADF3A9BEDF2}.Release|ARM.Build.0 = Release|ARM
		{1B000BCA-4895-4ACF-A0C6-3ADF3A9BEDF2}.Release|iPhone.ActiveCfg = Release|Any CPU
		{1B000BCA-4895-4ACF-A0C6-3ADF3A9BEDF2}.Release|iPhone.Build.0 = Release|Any CPU
		{1B000BCA-4895-4ACF-A0C6-3ADF3A9BEDF2}.Release|iPhoneSimulator.ActiveCfg = Release|Any CPU
		{1B000BCA-4895-4ACF-A0C6-3ADF3A9BEDF2}.Release|iPhoneSimulator.Build.0 = Release|Any CPU
		{1B000BCA-4895-4ACF-A0C6-3ADF3A9BEDF2}.Release|x64.ActiveCfg = Release|x64
		{1B000BCA-4895-4ACF-A0C6-3ADF3A9BEDF2}.Release|x64.Build.0 = Release|x64
		{1B000BCA-4895-4ACF-A0C6-3ADF3A9BEDF2}.Release|x86.ActiveCfg = Release|x86
		{1B000BCA-4895-4ACF-A0C6-3ADF3A9BEDF2}.Release|x86.Build.0 = Release|x86
		{78407906-99C6-42B0-A511-973FC78C58CB}.Debug .NET Native|Any CPU.ActiveCfg = Debug|Any CPU
		{78407906-99C6-42B0-A511-973FC78C58CB}.Debug .NET Native|Any CPU.Build.0 = Debug|Any CPU
		{78407906-99C6-42B0-A511-973FC78C58CB}.Debug .NET Native|ARM.ActiveCfg = Debug|Any CPU
		{78407906-99C6-42B0-A511-973FC78C58CB}.Debug .NET Native|ARM.Build.0 = Debug|Any CPU
		{78407906-99C6-42B0-A511-973FC78C58CB}.Debug .NET Native|iPhone.ActiveCfg = Debug|Any CPU
		{78407906-99C6-42B0-A511-973FC78C58CB}.Debug .NET Native|iPhone.Build.0 = Debug|Any CPU
		{78407906-99C6-42B0-A511-973FC78C58CB}.Debug .NET Native|iPhoneSimulator.ActiveCfg = Debug|Any CPU
		{78407906-99C6-42B0-A511-973FC78C58CB}.Debug .NET Native|iPhoneSimulator.Build.0 = Debug|Any CPU
		{78407906-99C6-42B0-A511-973FC78C58CB}.Debug .NET Native|x64.ActiveCfg = Debug|Any CPU
		{78407906-99C6-42B0-A511-973FC78C58CB}.Debug .NET Native|x64.Build.0 = Debug|Any CPU
		{78407906-99C6-42B0-A511-973FC78C58CB}.Debug .NET Native|x86.ActiveCfg = Debug|Any CPU
		{78407906-99C6-42B0-A511-973FC78C58CB}.Debug .NET Native|x86.Build.0 = Debug|Any CPU
		{78407906-99C6-42B0-A511-973FC78C58CB}.Debug|Any CPU.ActiveCfg = Debug|Any CPU
		{78407906-99C6-42B0-A511-973FC78C58CB}.Debug|Any CPU.Build.0 = Debug|Any CPU
		{78407906-99C6-42B0-A511-973FC78C58CB}.Debug|ARM.ActiveCfg = Debug|Any CPU
		{78407906-99C6-42B0-A511-973FC78C58CB}.Debug|ARM.Build.0 = Debug|Any CPU
		{78407906-99C6-42B0-A511-973FC78C58CB}.Debug|iPhone.ActiveCfg = Debug|Any CPU
		{78407906-99C6-42B0-A511-973FC78C58CB}.Debug|iPhone.Build.0 = Debug|Any CPU
		{78407906-99C6-42B0-A511-973FC78C58CB}.Debug|iPhoneSimulator.ActiveCfg = Debug|Any CPU
		{78407906-99C6-42B0-A511-973FC78C58CB}.Debug|iPhoneSimulator.Build.0 = Debug|Any CPU
		{78407906-99C6-42B0-A511-973FC78C58CB}.Debug|x64.ActiveCfg = Debug|Any CPU
		{78407906-99C6-42B0-A511-973FC78C58CB}.Debug|x64.Build.0 = Debug|Any CPU
		{78407906-99C6-42B0-A511-973FC78C58CB}.Debug|x86.ActiveCfg = Debug|Any CPU
		{78407906-99C6-42B0-A511-973FC78C58CB}.Debug|x86.Build.0 = Debug|Any CPU
		{78407906-99C6-42B0-A511-973FC78C58CB}.Release|Any CPU.ActiveCfg = Release|Any CPU
		{78407906-99C6-42B0-A511-973FC78C58CB}.Release|Any CPU.Build.0 = Release|Any CPU
		{78407906-99C6-42B0-A511-973FC78C58CB}.Release|ARM.ActiveCfg = Release|Any CPU
		{78407906-99C6-42B0-A511-973FC78C58CB}.Release|ARM.Build.0 = Release|Any CPU
		{78407906-99C6-42B0-A511-973FC78C58CB}.Release|iPhone.ActiveCfg = Release|Any CPU
		{78407906-99C6-42B0-A511-973FC78C58CB}.Release|iPhone.Build.0 = Release|Any CPU
		{78407906-99C6-42B0-A511-973FC78C58CB}.Release|iPhoneSimulator.ActiveCfg = Release|Any CPU
		{78407906-99C6-42B0-A511-973FC78C58CB}.Release|iPhoneSimulator.Build.0 = Release|Any CPU
		{78407906-99C6-42B0-A511-973FC78C58CB}.Release|x64.ActiveCfg = Release|Any CPU
		{78407906-99C6-42B0-A511-973FC78C58CB}.Release|x64.Build.0 = Release|Any CPU
		{78407906-99C6-42B0-A511-973FC78C58CB}.Release|x86.ActiveCfg = Release|Any CPU
		{78407906-99C6-42B0-A511-973FC78C58CB}.Release|x86.Build.0 = Release|Any CPU
		{21AB4DC7-C320-4BB2-975B-A6C0C19A8C47}.Debug .NET Native|Any CPU.ActiveCfg = Debug|Any CPU
		{21AB4DC7-C320-4BB2-975B-A6C0C19A8C47}.Debug .NET Native|Any CPU.Build.0 = Debug|Any CPU
		{21AB4DC7-C320-4BB2-975B-A6C0C19A8C47}.Debug .NET Native|Any CPU.Deploy.0 = Debug|Any CPU
		{21AB4DC7-C320-4BB2-975B-A6C0C19A8C47}.Debug .NET Native|ARM.ActiveCfg = Debug|Any CPU
		{21AB4DC7-C320-4BB2-975B-A6C0C19A8C47}.Debug .NET Native|ARM.Build.0 = Debug|Any CPU
		{21AB4DC7-C320-4BB2-975B-A6C0C19A8C47}.Debug .NET Native|ARM.Deploy.0 = Debug|Any CPU
		{21AB4DC7-C320-4BB2-975B-A6C0C19A8C47}.Debug .NET Native|iPhone.ActiveCfg = Debug|Any CPU
		{21AB4DC7-C320-4BB2-975B-A6C0C19A8C47}.Debug .NET Native|iPhone.Build.0 = Debug|Any CPU
		{21AB4DC7-C320-4BB2-975B-A6C0C19A8C47}.Debug .NET Native|iPhone.Deploy.0 = Debug|Any CPU
		{21AB4DC7-C320-4BB2-975B-A6C0C19A8C47}.Debug .NET Native|iPhoneSimulator.ActiveCfg = Debug|Any CPU
		{21AB4DC7-C320-4BB2-975B-A6C0C19A8C47}.Debug .NET Native|iPhoneSimulator.Build.0 = Debug|Any CPU
		{21AB4DC7-C320-4BB2-975B-A6C0C19A8C47}.Debug .NET Native|iPhoneSimulator.Deploy.0 = Debug|Any CPU
		{21AB4DC7-C320-4BB2-975B-A6C0C19A8C47}.Debug .NET Native|x64.ActiveCfg = Debug|Any CPU
		{21AB4DC7-C320-4BB2-975B-A6C0C19A8C47}.Debug .NET Native|x64.Build.0 = Debug|Any CPU
		{21AB4DC7-C320-4BB2-975B-A6C0C19A8C47}.Debug .NET Native|x64.Deploy.0 = Debug|Any CPU
		{21AB4DC7-C320-4BB2-975B-A6C0C19A8C47}.Debug .NET Native|x86.ActiveCfg = Debug|Any CPU
		{21AB4DC7-C320-4BB2-975B-A6C0C19A8C47}.Debug .NET Native|x86.Build.0 = Debug|Any CPU
		{21AB4DC7-C320-4BB2-975B-A6C0C19A8C47}.Debug .NET Native|x86.Deploy.0 = Debug|Any CPU
		{21AB4DC7-C320-4BB2-975B-A6C0C19A8C47}.Debug|Any CPU.ActiveCfg = Debug|Any CPU
		{21AB4DC7-C320-4BB2-975B-A6C0C19A8C47}.Debug|Any CPU.Build.0 = Debug|Any CPU
		{21AB4DC7-C320-4BB2-975B-A6C0C19A8C47}.Debug|Any CPU.Deploy.0 = Debug|Any CPU
		{21AB4DC7-C320-4BB2-975B-A6C0C19A8C47}.Debug|ARM.ActiveCfg = Debug|Any CPU
		{21AB4DC7-C320-4BB2-975B-A6C0C19A8C47}.Debug|ARM.Build.0 = Debug|Any CPU
		{21AB4DC7-C320-4BB2-975B-A6C0C19A8C47}.Debug|ARM.Deploy.0 = Debug|Any CPU
		{21AB4DC7-C320-4BB2-975B-A6C0C19A8C47}.Debug|iPhone.ActiveCfg = Debug|Any CPU
		{21AB4DC7-C320-4BB2-975B-A6C0C19A8C47}.Debug|iPhone.Build.0 = Debug|Any CPU
		{21AB4DC7-C320-4BB2-975B-A6C0C19A8C47}.Debug|iPhone.Deploy.0 = Debug|Any CPU
		{21AB4DC7-C320-4BB2-975B-A6C0C19A8C47}.Debug|iPhoneSimulator.ActiveCfg = Debug|Any CPU
		{21AB4DC7-C320-4BB2-975B-A6C0C19A8C47}.Debug|iPhoneSimulator.Build.0 = Debug|Any CPU
		{21AB4DC7-C320-4BB2-975B-A6C0C19A8C47}.Debug|iPhoneSimulator.Deploy.0 = Debug|Any CPU
		{21AB4DC7-C320-4BB2-975B-A6C0C19A8C47}.Debug|x64.ActiveCfg = Debug|Any CPU
		{21AB4DC7-C320-4BB2-975B-A6C0C19A8C47}.Debug|x64.Build.0 = Debug|Any CPU
		{21AB4DC7-C320-4BB2-975B-A6C0C19A8C47}.Debug|x64.Deploy.0 = Debug|Any CPU
		{21AB4DC7-C320-4BB2-975B-A6C0C19A8C47}.Debug|x86.ActiveCfg = Debug|Any CPU
		{21AB4DC7-C320-4BB2-975B-A6C0C19A8C47}.Debug|x86.Build.0 = Debug|Any CPU
		{21AB4DC7-C320-4BB2-975B-A6C0C19A8C47}.Debug|x86.Deploy.0 = Debug|Any CPU
		{21AB4DC7-C320-4BB2-975B-A6C0C19A8C47}.Release|Any CPU.ActiveCfg = Release|Any CPU
		{21AB4DC7-C320-4BB2-975B-A6C0C19A8C47}.Release|Any CPU.Build.0 = Release|Any CPU
		{21AB4DC7-C320-4BB2-975B-A6C0C19A8C47}.Release|Any CPU.Deploy.0 = Release|Any CPU
		{21AB4DC7-C320-4BB2-975B-A6C0C19A8C47}.Release|ARM.ActiveCfg = Release|Any CPU
		{21AB4DC7-C320-4BB2-975B-A6C0C19A8C47}.Release|ARM.Build.0 = Release|Any CPU
		{21AB4DC7-C320-4BB2-975B-A6C0C19A8C47}.Release|ARM.Deploy.0 = Release|Any CPU
		{21AB4DC7-C320-4BB2-975B-A6C0C19A8C47}.Release|iPhone.ActiveCfg = Release|Any CPU
		{21AB4DC7-C320-4BB2-975B-A6C0C19A8C47}.Release|iPhone.Build.0 = Release|Any CPU
		{21AB4DC7-C320-4BB2-975B-A6C0C19A8C47}.Release|iPhone.Deploy.0 = Release|Any CPU
		{21AB4DC7-C320-4BB2-975B-A6C0C19A8C47}.Release|iPhoneSimulator.ActiveCfg = Release|Any CPU
		{21AB4DC7-C320-4BB2-975B-A6C0C19A8C47}.Release|iPhoneSimulator.Build.0 = Release|Any CPU
		{21AB4DC7-C320-4BB2-975B-A6C0C19A8C47}.Release|iPhoneSimulator.Deploy.0 = Release|Any CPU
		{21AB4DC7-C320-4BB2-975B-A6C0C19A8C47}.Release|x64.ActiveCfg = Release|Any CPU
		{21AB4DC7-C320-4BB2-975B-A6C0C19A8C47}.Release|x64.Build.0 = Release|Any CPU
		{21AB4DC7-C320-4BB2-975B-A6C0C19A8C47}.Release|x64.Deploy.0 = Release|Any CPU
		{21AB4DC7-C320-4BB2-975B-A6C0C19A8C47}.Release|x86.ActiveCfg = Release|Any CPU
		{21AB4DC7-C320-4BB2-975B-A6C0C19A8C47}.Release|x86.Build.0 = Release|Any CPU
		{21AB4DC7-C320-4BB2-975B-A6C0C19A8C47}.Release|x86.Deploy.0 = Release|Any CPU
		{18948C85-4C74-49B1-A798-034F36058DD8}.Debug .NET Native|Any CPU.ActiveCfg = Debug|iPhoneSimulator
		{18948C85-4C74-49B1-A798-034F36058DD8}.Debug .NET Native|Any CPU.Build.0 = Debug|iPhoneSimulator
		{18948C85-4C74-49B1-A798-034F36058DD8}.Debug .NET Native|ARM.ActiveCfg = Debug|iPhoneSimulator
		{18948C85-4C74-49B1-A798-034F36058DD8}.Debug .NET Native|ARM.Build.0 = Debug|iPhoneSimulator
		{18948C85-4C74-49B1-A798-034F36058DD8}.Debug .NET Native|iPhone.ActiveCfg = Debug|iPhone
		{18948C85-4C74-49B1-A798-034F36058DD8}.Debug .NET Native|iPhone.Build.0 = Debug|iPhone
		{18948C85-4C74-49B1-A798-034F36058DD8}.Debug .NET Native|iPhoneSimulator.ActiveCfg = Debug|iPhoneSimulator
		{18948C85-4C74-49B1-A798-034F36058DD8}.Debug .NET Native|iPhoneSimulator.Build.0 = Debug|iPhoneSimulator
		{18948C85-4C74-49B1-A798-034F36058DD8}.Debug .NET Native|x64.ActiveCfg = Debug|iPhoneSimulator
		{18948C85-4C74-49B1-A798-034F36058DD8}.Debug .NET Native|x64.Build.0 = Debug|iPhoneSimulator
		{18948C85-4C74-49B1-A798-034F36058DD8}.Debug .NET Native|x86.ActiveCfg = Debug|iPhoneSimulator
		{18948C85-4C74-49B1-A798-034F36058DD8}.Debug .NET Native|x86.Build.0 = Debug|iPhoneSimulator
		{18948C85-4C74-49B1-A798-034F36058DD8}.Debug|Any CPU.ActiveCfg = Debug|iPhoneSimulator
		{18948C85-4C74-49B1-A798-034F36058DD8}.Debug|ARM.ActiveCfg = Debug|iPhoneSimulator
		{18948C85-4C74-49B1-A798-034F36058DD8}.Debug|iPhone.ActiveCfg = Debug|iPhone
		{18948C85-4C74-49B1-A798-034F36058DD8}.Debug|iPhone.Build.0 = Debug|iPhone
		{18948C85-4C74-49B1-A798-034F36058DD8}.Debug|iPhoneSimulator.ActiveCfg = Debug|iPhoneSimulator
		{18948C85-4C74-49B1-A798-034F36058DD8}.Debug|iPhoneSimulator.Build.0 = Debug|iPhoneSimulator
		{18948C85-4C74-49B1-A798-034F36058DD8}.Debug|x64.ActiveCfg = Debug|iPhoneSimulator
		{18948C85-4C74-49B1-A798-034F36058DD8}.Debug|x86.ActiveCfg = Debug|iPhoneSimulator
		{18948C85-4C74-49B1-A798-034F36058DD8}.Release|Any CPU.ActiveCfg = Release|iPhoneSimulator
		{18948C85-4C74-49B1-A798-034F36058DD8}.Release|ARM.ActiveCfg = Release|iPhoneSimulator
		{18948C85-4C74-49B1-A798-034F36058DD8}.Release|iPhone.ActiveCfg = Release|iPhone
		{18948C85-4C74-49B1-A798-034F36058DD8}.Release|iPhone.Build.0 = Release|iPhone
		{18948C85-4C74-49B1-A798-034F36058DD8}.Release|iPhoneSimulator.ActiveCfg = Release|iPhoneSimulator
		{18948C85-4C74-49B1-A798-034F36058DD8}.Release|iPhoneSimulator.Build.0 = Release|iPhoneSimulator
		{18948C85-4C74-49B1-A798-034F36058DD8}.Release|x64.ActiveCfg = Release|iPhoneSimulator
		{18948C85-4C74-49B1-A798-034F36058DD8}.Release|x86.ActiveCfg = Release|iPhoneSimulator
	EndGlobalSection
	GlobalSection(SolutionProperties) = preSolution
		HideSolutionNode = FALSE
	EndGlobalSection
EndGlobal
